// !$*UTF8*$!
{
	archiveVersion = 1;
	classes = {
	};
	objectVersion = 50;
	objects = {

/* Begin PBXBuildFile section */
		814272AE225CEA0A00157A24 /* ForegroundView.swift in Sources */ = {isa = PBXBuildFile; fileRef = 814272AD225CEA0A00157A24 /* ForegroundView.swift */; };
		814272B0225D16DC00157A24 /* PixelMapViewController.swift in Sources */ = {isa = PBXBuildFile; fileRef = 814272AF225D16DC00157A24 /* PixelMapViewController.swift */; };
		814272B2225D184300157A24 /* CompositeImageViewController.swift in Sources */ = {isa = PBXBuildFile; fileRef = 814272B1225D184300157A24 /* CompositeImageViewController.swift */; };
		814272B4225D189F00157A24 /* MappedImageView.swift in Sources */ = {isa = PBXBuildFile; fileRef = 814272B3225D189F00157A24 /* MappedImageView.swift */; };
		814272B6225D18B600157A24 /* CompositedImageView.swift in Sources */ = {isa = PBXBuildFile; fileRef = 814272B5225D18B600157A24 /* CompositedImageView.swift */; };
		816A0A1B225A6CAA00F4A38C /* AppDelegate.swift in Sources */ = {isa = PBXBuildFile; fileRef = 816A0A1A225A6CAA00F4A38C /* AppDelegate.swift */; };
		816A0A20225A6CAA00F4A38C /* Main.storyboard in Resources */ = {isa = PBXBuildFile; fileRef = 816A0A1E225A6CAA00F4A38C /* Main.storyboard */; };
		816A0A22225A6CAE00F4A38C /* Assets.xcassets in Resources */ = {isa = PBXBuildFile; fileRef = 816A0A21225A6CAE00F4A38C /* Assets.xcassets */; };
		816A0A25225A6CAE00F4A38C /* LaunchScreen.storyboard in Resources */ = {isa = PBXBuildFile; fileRef = 816A0A23225A6CAE00F4A38C /* LaunchScreen.storyboard */; };
		816A0A35225A967400F4A38C /* ChromaKey.swift in Sources */ = {isa = PBXBuildFile; fileRef = 816A0A34225A967400F4A38C /* ChromaKey.swift */; };
		81B512C7226959A0007C71B5 /* ForegroundViewController.swift in Sources */ = {isa = PBXBuildFile; fileRef = 81B512C6226959A0007C71B5 /* ForegroundViewController.swift */; };
/* End PBXBuildFile section */

/* Begin PBXFileReference section */
		814272AD225CEA0A00157A24 /* ForegroundView.swift */ = {isa = PBXFileReference; lastKnownFileType = sourcecode.swift; path = ForegroundView.swift; sourceTree = "<group>"; };
		814272AF225D16DC00157A24 /* PixelMapViewController.swift */ = {isa = PBXFileReference; lastKnownFileType = sourcecode.swift; path = PixelMapViewController.swift; sourceTree = "<group>"; };
		814272B1225D184300157A24 /* CompositeImageViewController.swift */ = {isa = PBXFileReference; lastKnownFileType = sourcecode.swift; path = CompositeImageViewController.swift; sourceTree = "<group>"; };
		814272B3225D189F00157A24 /* MappedImageView.swift */ = {isa = PBXFileReference; lastKnownFileType = sourcecode.swift; path = MappedImageView.swift; sourceTree = "<group>"; };
		814272B5225D18B600157A24 /* CompositedImageView.swift */ = {isa = PBXFileReference; lastKnownFileType = sourcecode.swift; path = CompositedImageView.swift; sourceTree = "<group>"; };
		816A0A17225A6CAA00F4A38C /* ChromaKeyEffect.app */ = {isa = PBXFileReference; explicitFileType = wrapper.application; includeInIndex = 0; path = ChromaKeyEffect.app; sourceTree = BUILT_PRODUCTS_DIR; };
		816A0A1A225A6CAA00F4A38C /* AppDelegate.swift */ = {isa = PBXFileReference; lastKnownFileType = sourcecode.swift; path = AppDelegate.swift; sourceTree = "<group>"; };
		816A0A1F225A6CAA00F4A38C /* Base */ = {isa = PBXFileReference; lastKnownFileType = file.storyboard; name = Base; path = Base.lproj/Main.storyboard; sourceTree = "<group>"; };
		816A0A21225A6CAE00F4A38C /* Assets.xcassets */ = {isa = PBXFileReference; lastKnownFileType = folder.assetcatalog; path = Assets.xcassets; sourceTree = "<group>"; };
		816A0A24225A6CAE00F4A38C /* Base */ = {isa = PBXFileReference; lastKnownFileType = file.storyboard; name = Base; path = Base.lproj/LaunchScreen.storyboard; sourceTree = "<group>"; };
		816A0A26225A6CAE00F4A38C /* Info.plist */ = {isa = PBXFileReference; lastKnownFileType = text.plist.xml; path = Info.plist; sourceTree = "<group>"; };
		816A0A34225A967400F4A38C /* ChromaKey.swift */ = {isa = PBXFileReference; lastKnownFileType = sourcecode.swift; path = ChromaKey.swift; sourceTree = "<group>"; };
		81B512C6226959A0007C71B5 /* ForegroundViewController.swift */ = {isa = PBXFileReference; lastKnownFileType = sourcecode.swift; path = ForegroundViewController.swift; sourceTree = "<group>"; };
/* End PBXFileReference section */

/* Begin PBXFrameworksBuildPhase section */
		816A0A14225A6CAA00F4A38C /* Frameworks */ = {
			isa = PBXFrameworksBuildPhase;
			buildActionMask = 2147483647;
			files = (
			);
			runOnlyForDeploymentPostprocessing = 0;
		};
/* End PBXFrameworksBuildPhase section */

/* Begin PBXGroup section */
		814272AA225CE9AC00157A24 /* View Controllers */ = {
			isa = PBXGroup;
			children = (
				81B512C6226959A0007C71B5 /* ForegroundViewController.swift */,
				814272AF225D16DC00157A24 /* PixelMapViewController.swift */,
				814272B1225D184300157A24 /* CompositeImageViewController.swift */,
			);
			path = "View Controllers";
			sourceTree = "<group>";
		};
		814272AB225CE9D800157A24 /* Utilities */ = {
			isa = PBXGroup;
			children = (
				816A0A34225A967400F4A38C /* ChromaKey.swift */,
			);
			path = Utilities;
			sourceTree = "<group>";
		};
		814272AC225CE9E200157A24 /* Views */ = {
			isa = PBXGroup;
			children = (
				814272AD225CEA0A00157A24 /* ForegroundView.swift */,
				814272B3225D189F00157A24 /* MappedImageView.swift */,
				814272B5225D18B600157A24 /* CompositedImageView.swift */,
			);
			path = Views;
			sourceTree = "<group>";
		};
		816A0A0E225A6CAA00F4A38C = {
			isa = PBXGroup;
			children = (
				816A0A19225A6CAA00F4A38C /* ChromaKeyEffect */,
				816A0A18225A6CAA00F4A38C /* Products */,
			);
			sourceTree = "<group>";
		};
		816A0A18225A6CAA00F4A38C /* Products */ = {
			isa = PBXGroup;
			children = (
				816A0A17225A6CAA00F4A38C /* ChromaKeyEffect.app */,
			);
			name = Products;
			sourceTree = "<group>";
		};
		816A0A19225A6CAA00F4A38C /* ChromaKeyEffect */ = {
			isa = PBXGroup;
			children = (
				816A0A1A225A6CAA00F4A38C /* AppDelegate.swift */,
				814272AB225CE9D800157A24 /* Utilities */,
				814272AC225CE9E200157A24 /* Views */,
				814272AA225CE9AC00157A24 /* View Controllers */,
				816A0A1E225A6CAA00F4A38C /* Main.storyboard */,
				816A0A21225A6CAE00F4A38C /* Assets.xcassets */,
				816A0A23225A6CAE00F4A38C /* LaunchScreen.storyboard */,
				816A0A26225A6CAE00F4A38C /* Info.plist */,
			);
			path = ChromaKeyEffect;
			sourceTree = "<group>";
		};
/* End PBXGroup section */

/* Begin PBXNativeTarget section */
		816A0A16225A6CAA00F4A38C /* ChromaKeyEffect */ = {
			isa = PBXNativeTarget;
			buildConfigurationList = 816A0A29225A6CAE00F4A38C /* Build configuration list for PBXNativeTarget "ChromaKeyEffect" */;
			buildPhases = (
				816A0A13225A6CAA00F4A38C /* Sources */,
				816A0A14225A6CAA00F4A38C /* Frameworks */,
				816A0A15225A6CAA00F4A38C /* Resources */,
			);
			buildRules = (
			);
			dependencies = (
			);
			name = ChromaKeyEffect;
			productName = ChromaKeyEffect;
			productReference = 816A0A17225A6CAA00F4A38C /* ChromaKeyEffect.app */;
			productType = "com.apple.product-type.application";
		};
/* End PBXNativeTarget section */

/* Begin PBXProject section */
		816A0A0F225A6CAA00F4A38C /* Project object */ = {
			isa = PBXProject;
			attributes = {
				LastSwiftUpdateCheck = 1010;
				LastUpgradeCheck = 1010;
				ORGANIZATIONNAME = "Vikash Hart";
				TargetAttributes = {
					816A0A16225A6CAA00F4A38C = {
						CreatedOnToolsVersion = 10.1;
					};
				};
			};
			buildConfigurationList = 816A0A12225A6CAA00F4A38C /* Build configuration list for PBXProject "ChromaKeyEffect" */;
			compatibilityVersion = "Xcode 9.3";
			developmentRegion = en;
			hasScannedForEncodings = 0;
			knownRegions = (
				en,
				Base,
			);
			mainGroup = 816A0A0E225A6CAA00F4A38C;
			productRefGroup = 816A0A18225A6CAA00F4A38C /* Products */;
			projectDirPath = "";
			projectRoot = "";
			targets = (
				816A0A16225A6CAA00F4A38C /* ChromaKeyEffect */,
			);
		};
/* End PBXProject section */

/* Begin PBXResourcesBuildPhase section */
		816A0A15225A6CAA00F4A38C /* Resources */ = {
			isa = PBXResourcesBuildPhase;
			buildActionMask = 2147483647;
			files = (
				816A0A25225A6CAE00F4A38C /* LaunchScreen.storyboard in Resources */,
				816A0A22225A6CAE00F4A38C /* Assets.xcassets in Resources */,
				816A0A20225A6CAA00F4A38C /* Main.storyboard in Resources */,
			);
			runOnlyForDeploymentPostprocessing = 0;
		};
/* End PBXResourcesBuildPhase section */

/* Begin PBXSourcesBuildPhase section */
		816A0A13225A6CAA00F4A38C /* Sources */ = {
			isa = PBXSourcesBuildPhase;
			buildActionMask = 2147483647;
			files = (
				814272AE225CEA0A00157A24 /* ForegroundView.swift in Sources */,
				816A0A35225A967400F4A38C /* ChromaKey.swift in Sources */,
				814272B0225D16DC00157A24 /* PixelMapViewController.swift in Sources */,
				81B512C7226959A0007C71B5 /* ForegroundViewController.swift in Sources */,
				814272B6225D18B600157A24 /* CompositedImageView.swift in Sources */,
				816A0A1B225A6CAA00F4A38C /* AppDelegate.swift in Sources */,
				814272B4225D189F00157A24 /* MappedImageView.swift in Sources */,
				814272B2225D184300157A24 /* CompositeImageViewController.swift in Sources */,
			);
			runOnlyForDeploymentPostprocessing = 0;
		};
/* End PBXSourcesBuildPhase section */

/* Begin PBXVariantGroup section */
		816A0A1E225A6CAA00F4A38C /* Main.storyboard */ = {
			isa = PBXVariantGroup;
			children = (
				816A0A1F225A6CAA00F4A38C /* Base */,
			);
			name = Main.storyboard;
			sourceTree = "<group>";
		};
		816A0A23225A6CAE00F4A38C /* LaunchScreen.storyboard */ = {
			isa = PBXVariantGroup;
			children = (
				816A0A24225A6CAE00F4A38C /* Base */,
			);
			name = LaunchScreen.storyboard;
			sourceTree = "<group>";
		};
/* End PBXVariantGroup section */

/* Begin XCBuildConfiguration section */
		816A0A27225A6CAE00F4A38C /* Debug */ = {
			isa = XCBuildConfiguration;
			buildSettings = {
				ALWAYS_SEARCH_USER_PATHS = NO;
				CLANG_ANALYZER_NONNULL = YES;
				CLANG_ANALYZER_NUMBER_OBJECT_CONVERSION = YES_AGGRESSIVE;
				CLANG_CXX_LANGUAGE_STANDARD = "gnu++14";
				CLANG_CXX_LIBRARY = "libc++";
				CLANG_ENABLE_MODULES = YES;
				CLANG_ENABLE_OBJC_ARC = YES;
				CLANG_ENABLE_OBJC_WEAK = YES;
				CLANG_WARN_BLOCK_CAPTURE_AUTORELEASING = YES;
				CLANG_WARN_BOOL_CONVERSION = YES;
				CLANG_WARN_COMMA = YES;
				CLANG_WARN_CONSTANT_CONVERSION = YES;
				CLANG_WARN_DEPRECATED_OBJC_IMPLEMENTATIONS = YES;
				CLANG_WARN_DIRECT_OBJC_ISA_USAGE = YES_ERROR;
				CLANG_WARN_DOCUMENTATION_COMMENTS = YES;
				CLANG_WARN_EMPTY_BODY = YES;
				CLANG_WARN_ENUM_CONVERSION = YES;
				CLANG_WARN_INFINITE_RECURSION = YES;
				CLANG_WARN_INT_CONVERSION = YES;
				CLANG_WARN_NON_LITERAL_NULL_CONVERSION = YES;
				CLANG_WARN_OBJC_IMPLICIT_RETAIN_SELF = YES;
				CLANG_WARN_OBJC_LITERAL_CONVERSION = YES;
				CLANG_WARN_OBJC_ROOT_CLASS = YES_ERROR;
				CLANG_WARN_RANGE_LOOP_ANALYSIS = YES;
				CLANG_WARN_STRICT_PROTOTYPES = YES;
				CLANG_WARN_SUSPICIOUS_MOVE = YES;
				CLANG_WARN_UNGUARDED_AVAILABILITY = YES_AGGRESSIVE;
				CLANG_WARN_UNREACHABLE_CODE = YES;
				CLANG_WARN__DUPLICATE_METHOD_MATCH = YES;
				CODE_SIGN_IDENTITY = "iPhone Developer";
				COPY_PHASE_STRIP = NO;
				DEBUG_INFORMATION_FORMAT = dwarf;
				ENABLE_STRICT_OBJC_MSGSEND = YES;
				ENABLE_TESTABILITY = YES;
				GCC_C_LANGUAGE_STANDARD = gnu11;
				GCC_DYNAMIC_NO_PIC = NO;
				GCC_NO_COMMON_BLOCKS = YES;
				GCC_OPTIMIZATION_LEVEL = 0;
				GCC_PREPROCESSOR_DEFINITIONS = (
					"DEBUG=1",
					"$(inherited)",
				);
				GCC_WARN_64_TO_32_BIT_CONVERSION = YES;
				GCC_WARN_ABOUT_RETURN_TYPE = YES_ERROR;
				GCC_WARN_UNDECLARED_SELECTOR = YES;
				GCC_WARN_UNINITIALIZED_AUTOS = YES_AGGRESSIVE;
				GCC_WARN_UNUSED_FUNCTION = YES;
				GCC_WARN_UNUSED_VARIABLE = YES;
				IPHONEOS_DEPLOYMENT_TARGET = 12.1;
				MTL_ENABLE_DEBUG_INFO = INCLUDE_SOURCE;
				MTL_FAST_MATH = YES;
				ONLY_ACTIVE_ARCH = YES;
				SDKROOT = iphoneos;
				SWIFT_ACTIVE_COMPILATION_CONDITIONS = DEBUG;
				SWIFT_OPTIMIZATION_LEVEL = "-Onone";
			};
			name = Debug;
		};
		816A0A28225A6CAE00F4A38C /* Release */ = {
			isa = XCBuildConfiguration;
			buildSettings = {
				ALWAYS_SEARCH_USER_PATHS = NO;
				CLANG_ANALYZER_NONNULL = YES;
				CLANG_ANALYZER_NUMBER_OBJECT_CONVERSION = YES_AGGRESSIVE;
				CLANG_CXX_LANGUAGE_STANDARD = "gnu++14";
				CLANG_CXX_LIBRARY = "libc++";
				CLANG_ENABLE_MODULES = YES;
				CLANG_ENABLE_OBJC_ARC = YES;
				CLANG_ENABLE_OBJC_WEAK = YES;
				CLANG_WARN_BLOCK_CAPTURE_AUTORELEASING = YES;
				CLANG_WARN_BOOL_CONVERSION = YES;
				CLANG_WARN_COMMA = YES;
				CLANG_WARN_CONSTANT_CONVERSION = YES;
				CLANG_WARN_DEPRECATED_OBJC_IMPLEMENTATIONS = YES;
				CLANG_WARN_DIRECT_OBJC_ISA_USAGE = YES_ERROR;
				CLANG_WARN_DOCUMENTATION_COMMENTS = YES;
				CLANG_WARN_EMPTY_BODY = YES;
				CLANG_WARN_ENUM_CONVERSION = YES;
				CLANG_WARN_INFINITE_RECURSION = YES;
				CLANG_WARN_INT_CONVERSION = YES;
				CLANG_WARN_NON_LITERAL_NULL_CONVERSION = YES;
				CLANG_WARN_OBJC_IMPLICIT_RETAIN_SELF = YES;
				CLANG_WARN_OBJC_LITERAL_CONVERSION = YES;
				CLANG_WARN_OBJC_ROOT_CLASS = YES_ERROR;
				CLANG_WARN_RANGE_LOOP_ANALYSIS = YES;
				CLANG_WARN_STRICT_PROTOTYPES = YES;
				CLANG_WARN_SUSPICIOUS_MOVE = YES;
				CLANG_WARN_UNGUARDED_AVAILABILITY = YES_AGGRESSIVE;
				CLANG_WARN_UNREACHABLE_CODE = YES;
				CLANG_WARN__DUPLICATE_METHOD_MATCH = YES;
				CODE_SIGN_IDENTITY = "iPhone Developer";
				COPY_PHASE_STRIP = NO;
				DEBUG_INFORMATION_FORMAT = "dwarf-with-dsym";
				ENABLE_NS_ASSERTIONS = NO;
				ENABLE_STRICT_OBJC_MSGSEND = YES;
				GCC_C_LANGUAGE_STANDARD = gnu11;
				GCC_NO_COMMON_BLOCKS = YES;
				GCC_WARN_64_TO_32_BIT_CONVERSION = YES;
				GCC_WARN_ABOUT_RETURN_TYPE = YES_ERROR;
				GCC_WARN_UNDECLARED_SELECTOR = YES;
				GCC_WARN_UNINITIALIZED_AUTOS = YES_AGGRESSIVE;
				GCC_WARN_UNUSED_FUNCTION = YES;
				GCC_WARN_UNUSED_VARIABLE = YES;
				IPHONEOS_DEPLOYMENT_TARGET = 12.1;
				MTL_ENABLE_DEBUG_INFO = NO;
				MTL_FAST_MATH = YES;
				SDKROOT = iphoneos;
				SWIFT_COMPILATION_MODE = wholemodule;
				SWIFT_OPTIMIZATION_LEVEL = "-O";
				VALIDATE_PRODUCT = YES;
			};
			name = Release;
		};
		816A0A2A225A6CAE00F4A38C /* Debug */ = {
			isa = XCBuildConfiguration;
			buildSettings = {
				ASSETCATALOG_COMPILER_APPICON_NAME = AppIcon;
				CODE_SIGN_STYLE = Automatic;
				DEVELOPMENT_TEAM = 63X7US2LVV;
				INFOPLIST_FILE = ChromaKeyEffect/Info.plist;
				LD_RUNPATH_SEARCH_PATHS = (
					"$(inherited)",
					"@executable_path/Frameworks",
				);
				PRODUCT_BUNDLE_IDENTIFIER = "Vikash-Hart.ChromaKeyEffect";
				PRODUCT_NAME = "$(TARGET_NAME)";
				SWIFT_VERSION = 4.2;
				TARGETED_DEVICE_FAMILY = "1,2";
			};
			name = Debug;
		};
		816A0A2B225A6CAE00F4A38C /* Release */ = {
			isa = XCBuildConfiguration;
			buildSettings = {
				ASSETCATALOG_COMPILER_APPICON_NAME = AppIcon;
				CODE_SIGN_STYLE = Automatic;
				DEVELOPMENT_TEAM = 63X7US2LVV;
				INFOPLIST_FILE = ChromaKeyEffect/Info.plist;
				LD_RUNPATH_SEARCH_PATHS = (
					"$(inherited)",
					"@executable_path/Frameworks",
				);
				PRODUCT_BUNDLE_IDENTIFIER = "Vikash-Hart.ChromaKeyEffect";
				PRODUCT_NAME = "$(TARGET_NAME)";
				SWIFT_VERSION = 4.2;
				TARGETED_DEVICE_FAMILY = "1,2";
			};
			name = Release;
		};
/* End XCBuildConfiguration section */

/* Begin XCConfigurationList section */
		816A0A12225A6CAA00F4A38C /* Build configuration list for PBXProject "ChromaKeyEffect" */ = {
			isa = XCConfigurationList;
			buildConfigurations = (
				816A0A27225A6CAE00F4A38C /* Debug */,
				816A0A28225A6CAE00F4A38C /* Release */,
			);
			defaultConfigurationIsVisible = 0;
			defaultConfigurationName = Release;
		};
		816A0A29225A6CAE00F4A38C /* Build configuration list for PBXNativeTarget "ChromaKeyEffect" */ = {
			isa = XCConfigurationList;
			buildConfigurations = (
				816A0A2A225A6CAE00F4A38C /* Debug */,
				816A0A2B225A6CAE00F4A38C /* Release */,
			);
			defaultConfigurationIsVisible = 0;
			defaultConfigurationName = Release;
		};
/* End XCConfigurationList section */
	};
	rootObject = 816A0A0F225A6CAA00F4A38C /* Project object */;
}
